<?xml version="1.0" encoding="utf-8"?>
<Project ToolsVersion="4.0" xmlns="http://schemas.microsoft.com/developer/msbuild/2003">
  <ItemGroup>
    <Filter Include="Source Files">
      <UniqueIdentifier>{4FC737F1-C7A5-4376-A066-2A32D752A2FF}</UniqueIdentifier>
      <Extensions>cpp;c;cc;cxx;def;odl;idl;hpj;bat;asm;asmx</Extensions>
    </Filter>
    <Filter Include="Header Files">
      <UniqueIdentifier>{93995380-89BD-4b04-88EB-625FBE52EBFB}</UniqueIdentifier>
      <Extensions>h;hh;hpp;hxx;hm;inl;inc;ipp;xsd</Extensions>
    </Filter>
    <Filter Include="Header Files\Domain">
      <UniqueIdentifier>{4dc89bc1-9f7e-4866-a679-8d82064b44f1}</UniqueIdentifier>
    </Filter>
    <Filter Include="Header Files\Interface">
      <UniqueIdentifier>{37181021-4e76-4a12-b484-88134aefddb9}</UniqueIdentifier>
    </Filter>
    <Filter Include="Header Files\Repository">
      <UniqueIdentifier>{d6a53c63-1870-48d5-abd2-dde6235b64ca}</UniqueIdentifier>
    </Filter>
    <Filter Include="Header Files\Service">
      <UniqueIdentifier>{ee3439dc-2064-4770-bb94-81ecfea481a3}</UniqueIdentifier>
    </Filter>
    <Filter Include="Header Files\Tests">
      <UniqueIdentifier>{9256fab2-0693-45c7-9a80-48a3b956ad07}</UniqueIdentifier>
    </Filter>
    <Filter Include="Source Files\Domain">
      <UniqueIdentifier>{955ac603-d00b-4dd2-86dc-6b71368b8079}</UniqueIdentifier>
    </Filter>
    <Filter Include="Source Files\Interface">
      <UniqueIdentifier>{f804ee70-0cfd-4c08-840f-db97d58f8de7}</UniqueIdentifier>
    </Filter>
    <Filter Include="Source Files\Repository">
      <UniqueIdentifier>{f65201d3-3a2c-4b02-a6d7-376897268a02}</UniqueIdentifier>
    </Filter>
    <Filter Include="Source Files\Service">
      <UniqueIdentifier>{2260b412-5261-45da-9e7b-6dd3fc311bd4}</UniqueIdentifier>
    </Filter>
    <Filter Include="Source Files\Tests">
      <UniqueIdentifier>{1b57cadc-c96e-4279-b78c-fc68d2c225b9}</UniqueIdentifier>
    </Filter>
    <Filter Include="Source Files\Validator">
      <UniqueIdentifier>{177b8e79-ad52-473e-b794-810ee0407d8c}</UniqueIdentifier>
    </Filter>
    <Filter Include="Header Files\Validator">
      <UniqueIdentifier>{14482195-2465-461c-9cb8-168d914f6452}</UniqueIdentifier>
    </Filter>
    <Filter Include="Source Files\Resource Files">
      <UniqueIdentifier>{67DA6AB6-F800-4c08-8B7A-83BB121AAD01}</UniqueIdentifier>
      <Extensions>rc;ico;cur;bmp;dlg;rc2;rct;bin;rgs;gif;jpg;jpeg;jpe;resx;tiff;tif;png;wav;mfcribbon-ms</Extensions>
    </Filter>
  </ItemGroup>
  <ItemGroup>
    <ClCompile Include="Package.c">
      <Filter>Source Files\Domain</Filter>
    </ClCompile>
    <ClCompile Include="TestPackage.c">
      <Filter>Source Files\Tests</Filter>
    </ClCompile>
    <ClCompile Include="Main.c">
      <Filter>Source Files</Filter>
    </ClCompile>
    <ClCompile Include="Repository.c">
      <Filter>Source Files\Repository</Filter>
    </ClCompile>
    <ClCompile Include="TestRepository.c">
      <Filter>Source Files\Tests</Filter>
    </ClCompile>
    <ClCompile Include="TestService.c">
      <Filter>Source Files\Tests</Filter>
    </ClCompile>
    <ClCompile Include="Service.c">
      <Filter>Source Files\Service</Filter>
    </ClCompile>
    <ClCompile Include="Console.c">
      <Filter>Source Files\Interface</Filter>
    </ClCompile>
    <ClCompile Include="Vector.c">
      <Filter>Source Files\Domain</Filter>
    </ClCompile>
    <ClCompile Include="TestVector.c">
      <Filter>Source Files\Tests</Filter>
    </ClCompile>
    <ClCompile Include="TestValidator.c">
      <Filter>Source Files\Tests</Filter>
    </ClCompile>
    <ClCompile Include="Validator.c">
      <Filter>Source Files\Validator</Filter>
    </ClCompile>
  </ItemGroup>
  <ItemGroup>
    <ClInclude Include="Package.h">
      <Filter>Header Files\Domain</Filter>
    </ClInclude>
    <ClInclude Include="TestPackage.h">
      <Filter>Header Files\Tests</Filter>
    </ClInclude>
    <ClInclude Include="Repository.h">
      <Filter>Header Files\Repository</Filter>
    </ClInclude>
    <ClInclude Include="TestRepository.h">
      <Filter>Header Files\Tests</Filter>
    </ClInclude>
    <ClInclude Include="TestService.h">
      <Filter>Header Files\Tests</Filter>
    </ClInclude>
    <ClInclude Include="Service.h">
      <Filter>Header Files\Service</Filter>
    </ClInclude>
    <ClInclude Include="Console.h">
      <Filter>Header Files\Interface</Filter>
    </ClInclude>
    <ClInclude Include="Vector.h">
      <Filter>Header Files\Domain</Filter>
    </ClInclude>
    <ClInclude Include="TestVector.h">
      <Filter>Header Files\Tests</Filter>
    </ClInclude>
    <ClInclude Include="TestValidator.h">
      <Filter>Header Files\Tests</Filter>
    </ClInclude>
    <ClInclude Include="Validator.h">
      <Filter>Header Files\Validator</Filter>
    </ClInclude>
  </ItemGroup>
</Project>