
Microsoft Visual Studio Solution File, Format Version 12.00
# Visual Studio Version 16
VisualStudioVersion = 16.0.29920.165
MinimumVisualStudioVersion = 10.0.40219.1
Project("{FAE04EC0-301F-11D3-BF4B-00C04F79EFBC}") = "Deadlock", "Deadlock\Deadlock.csproj", "{C5D15610-E4C1-4927-878E-E9F5EF6DBFAA}"
EndProject
Project("{FAE04EC0-301F-11D3-BF4B-00C04F79EFBC}") = "Deadlock2", "Deadlock2\Deadlock2.csproj", "{500B8685-B1EB-42A5-AFCD-15960118B9BB}"
EndProject
Global
	GlobalSection(SolutionConfigurationPlatforms) = preSolution
		Debug|Any CPU = Debug|Any CPU
		Release|Any CPU = Release|Any CPU
	EndGlobalSection
	GlobalSection(ProjectConfigurationPlatforms) = postSolution
		{C5D15610-E4C1-4927-878E-E9F5EF6DBFAA}.Debug|Any CPU.ActiveCfg = Debug|Any CPU
		{C5D15610-E4C1-4927-878E-E9F5EF6DBFAA}.Debug|Any CPU.Build.0 = Debug|Any CPU
		{C5D15610-E4C1-4927-878E-E9F5EF6DBFAA}.Release|Any CPU.ActiveCfg = Release|Any CPU
		{C5D15610-E4C1-4927-878E-E9F5EF6DBFAA}.Release|Any CPU.Build.0 = Release|Any CPU
		{500B8685-B1EB-42A5-AFCD-15960118B9BB}.Debug|Any CPU.ActiveCfg = Debug|Any CPU
		{500B8685-B1EB-42A5-AFCD-15960118B9BB}.Debug|Any CPU.Build.0 = Debug|Any CPU
		{500B8685-B1EB-42A5-AFCD-15960118B9BB}.Release|Any CPU.ActiveCfg = Release|Any CPU
		{500B8685-B1EB-42A5-AFCD-15960118B9BB}.Release|Any CPU.Build.0 = Release|Any CPU
	EndGlobalSection
	GlobalSection(SolutionProperties) = preSolution
		HideSolutionNode = FALSE
	EndGlobalSection
	GlobalSection(ExtensibilityGlobals) = postSolution
		SolutionGuid = {5DF8B146-C6AA-49B1-93F7-50371D3BBA95}
	EndGlobalSection
EndGlobal
