
Microsoft Visual Studio Solution File, Format Version 12.00
Project("{FAE04EC0-301F-11D3-BF4B-00C04F79EFBC}") = "Seminar11", "Seminar11\Seminar11.csproj", "{942C924D-CFCB-4715-8BF6-1987D4704340}"
EndProject
Global
	GlobalSection(SolutionConfigurationPlatforms) = preSolution
		Debug|Any CPU = Debug|Any CPU
		Release|Any CPU = Release|Any CPU
	EndGlobalSection
	GlobalSection(ProjectConfigurationPlatforms) = postSolution
		{942C924D-CFCB-4715-8BF6-1987D4704340}.Debug|Any CPU.ActiveCfg = Debug|Any CPU
		{942C924D-CFCB-4715-8BF6-1987D4704340}.Debug|Any CPU.Build.0 = Debug|Any CPU
		{942C924D-CFCB-4715-8BF6-1987D4704340}.Release|Any CPU.ActiveCfg = Release|Any CPU
		{942C924D-CFCB-4715-8BF6-1987D4704340}.Release|Any CPU.Build.0 = Release|Any CPU
	EndGlobalSection
EndGlobal
